// !$*UTF8*$!
{
	archiveVersion = 1;
	classes = {
	};
	objectVersion = 56;
	objects = {

/* Begin PBXBuildFile section */
		36FF10FD2B2DC2D800187EA2 /* AppDelegate.swift in Sources */ = {isa = PBXBuildFile; fileRef = 36FF10FC2B2DC2D800187EA2 /* AppDelegate.swift */; };
		36FF10FF2B2DC2D800187EA2 /* SceneDelegate.swift in Sources */ = {isa = PBXBuildFile; fileRef = 36FF10FE2B2DC2D800187EA2 /* SceneDelegate.swift */; };
		36FF11012B2DC2D800187EA2 /* HomeVC.swift in Sources */ = {isa = PBXBuildFile; fileRef = 36FF11002B2DC2D800187EA2 /* HomeVC.swift */; };
		36FF11042B2DC2D800187EA2 /* Main.storyboard in Resources */ = {isa = PBXBuildFile; fileRef = 36FF11022B2DC2D800187EA2 /* Main.storyboard */; };
		36FF11062B2DC2D900187EA2 /* Assets.xcassets in Resources */ = {isa = PBXBuildFile; fileRef = 36FF11052B2DC2D900187EA2 /* Assets.xcassets */; };
		36FF11092B2DC2D900187EA2 /* LaunchScreen.storyboard in Resources */ = {isa = PBXBuildFile; fileRef = 36FF11072B2DC2D900187EA2 /* LaunchScreen.storyboard */; };
		36FF11142B2DC47800187EA2 /* EmbassyAbroad.swift in Sources */ = {isa = PBXBuildFile; fileRef = 36FF11132B2DC47800187EA2 /* EmbassyAbroad.swift */; };
		36FF11162B2DC48500187EA2 /* CountryActivities.swift in Sources */ = {isa = PBXBuildFile; fileRef = 36FF11152B2DC48500187EA2 /* CountryActivities.swift */; };
		36FF11232B2DC79800187EA2 /* TabBarController.swift in Sources */ = {isa = PBXBuildFile; fileRef = 36FF11222B2DC79800187EA2 /* TabBarController.swift */; };
		36FF11272B2DC7F900187EA2 /* ActivitiesVC.swift in Sources */ = {isa = PBXBuildFile; fileRef = 36FF11262B2DC7F900187EA2 /* ActivitiesVC.swift */; };
		36FF11292B2DC80600187EA2 /* EmbassyVC.swift in Sources */ = {isa = PBXBuildFile; fileRef = 36FF11282B2DC80600187EA2 /* EmbassyVC.swift */; };
		36FF112E2B2DC8B600187EA2 /* EmbassyVC.storyboard in Resources */ = {isa = PBXBuildFile; fileRef = 36FF112D2B2DC8B600187EA2 /* EmbassyVC.storyboard */; };
		36FF11312B2DC96900187EA2 /* LoginVC.swift in Sources */ = {isa = PBXBuildFile; fileRef = 36FF11302B2DC96900187EA2 /* LoginVC.swift */; };
		36FF11332B2DC99C00187EA2 /* HomeVC.storyboard in Resources */ = {isa = PBXBuildFile; fileRef = 36FF11322B2DC99C00187EA2 /* HomeVC.storyboard */; };
		36FF11362B2DD14800187EA2 /* ActivitiesVC.storyboard in Resources */ = {isa = PBXBuildFile; fileRef = 36FF11352B2DD14800187EA2 /* ActivitiesVC.storyboard */; };
		36FF113A2B2DE0CE00187EA2 /* EmbassyTableViewCell.swift in Sources */ = {isa = PBXBuildFile; fileRef = 36FF11382B2DE0CE00187EA2 /* EmbassyTableViewCell.swift */; };
		36FF113B2B2DE0CE00187EA2 /* EmbassyTableViewCell.xib in Resources */ = {isa = PBXBuildFile; fileRef = 36FF11392B2DE0CE00187EA2 /* EmbassyTableViewCell.xib */; };
		36FF113E2B2DE26E00187EA2 /* EmbassyViewModel.swift in Sources */ = {isa = PBXBuildFile; fileRef = 36FF113D2B2DE26E00187EA2 /* EmbassyViewModel.swift */; };
		36FF11412B2F403400187EA2 /* EmbassyService.swift in Sources */ = {isa = PBXBuildFile; fileRef = 36FF11402B2F403400187EA2 /* EmbassyService.swift */; };
		36FF11452B2F496500187EA2 /* ActivitiesService.swift in Sources */ = {isa = PBXBuildFile; fileRef = 36FF11442B2F496500187EA2 /* ActivitiesService.swift */; };
		36FF11472B2F497000187EA2 /* ActivitiesViewModel.swift in Sources */ = {isa = PBXBuildFile; fileRef = 36FF11462B2F497000187EA2 /* ActivitiesViewModel.swift */; };
		36FF114B2B2F4A2B00187EA2 /* ActivitiesTableViewCell.swift in Sources */ = {isa = PBXBuildFile; fileRef = 36FF11492B2F4A2B00187EA2 /* ActivitiesTableViewCell.swift */; };
		36FF114C2B2F4A2B00187EA2 /* ActivitiesTableViewCell.xib in Resources */ = {isa = PBXBuildFile; fileRef = 36FF114A2B2F4A2B00187EA2 /* ActivitiesTableViewCell.xib */; };
		A06568602B346AF000C3AAE8 /* Field.swift in Sources */ = {isa = PBXBuildFile; fileRef = A065685F2B346AF000C3AAE8 /* Field.swift */; };
		A06568632B346D5D00C3AAE8 /* Extensions.swift in Sources */ = {isa = PBXBuildFile; fileRef = A06568622B346D5D00C3AAE8 /* Extensions.swift */; };
		A06568682B3478BB00C3AAE8 /* IQKeyboardManagerSwift in Frameworks */ = {isa = PBXBuildFile; productRef = A06568672B3478BB00C3AAE8 /* IQKeyboardManagerSwift */; };
		A0C682A72B33296200760359 /* FirebaseAuth in Frameworks */ = {isa = PBXBuildFile; productRef = A0C682A62B33296200760359 /* FirebaseAuth */; };
		A0C682D22B332EF200760359 /* LoginViewModel.swift in Sources */ = {isa = PBXBuildFile; fileRef = A0C682D12B332EF200760359 /* LoginViewModel.swift */; };
		A0C682D42B33371900760359 /* GoogleService-Info.plist in Resources */ = {isa = PBXBuildFile; fileRef = A0C682D32B33371900760359 /* GoogleService-Info.plist */; };
		A0C682D72B33377200760359 /* GoogleSignIn in Frameworks */ = {isa = PBXBuildFile; productRef = A0C682D62B33377200760359 /* GoogleSignIn */; };
		A0C682D92B33377200760359 /* GoogleSignInSwift in Frameworks */ = {isa = PBXBuildFile; productRef = A0C682D82B33377200760359 /* GoogleSignInSwift */; };
		A0C682DC2B335AD100760359 /* FacebookAEM in Frameworks */ = {isa = PBXBuildFile; productRef = A0C682DB2B335AD100760359 /* FacebookAEM */; };
		A0C682DE2B335AD100760359 /* FacebookBasics in Frameworks */ = {isa = PBXBuildFile; productRef = A0C682DD2B335AD100760359 /* FacebookBasics */; };
		A0C682E02B335AD100760359 /* FacebookCore in Frameworks */ = {isa = PBXBuildFile; productRef = A0C682DF2B335AD100760359 /* FacebookCore */; };
		A0C682E22B335AD100760359 /* FacebookLogin in Frameworks */ = {isa = PBXBuildFile; productRef = A0C682E12B335AD100760359 /* FacebookLogin */; };
		A0C682E52B33624E00760359 /* Alert.swift in Sources */ = {isa = PBXBuildFile; fileRef = A0C682E42B33624E00760359 /* Alert.swift */; };
		A0C682E82B33733600760359 /* ForgotPasswordViewModel.swift in Sources */ = {isa = PBXBuildFile; fileRef = A0C682E72B33733600760359 /* ForgotPasswordViewModel.swift */; };
		D63441352B30889300B98F50 /* ForgotPasswordVC.storyboard in Resources */ = {isa = PBXBuildFile; fileRef = D63441342B30889300B98F50 /* ForgotPasswordVC.storyboard */; };
		D63441392B30894100B98F50 /* ForgotPasswordVC.swift in Sources */ = {isa = PBXBuildFile; fileRef = D63441382B30894100B98F50 /* ForgotPasswordVC.swift */; };
		D6829BC62B2FF2FD005FDC15 /* RegisterVC.storyboard in Resources */ = {isa = PBXBuildFile; fileRef = D6829BC52B2FF2FD005FDC15 /* RegisterVC.storyboard */; };
		D6829BCA2B2FF3D2005FDC15 /* RegisterVC.swift in Sources */ = {isa = PBXBuildFile; fileRef = D6829BC92B2FF3D2005FDC15 /* RegisterVC.swift */; };
/* End PBXBuildFile section */

/* Begin PBXFileReference section */
		36FF10F92B2DC2D800187EA2 /* brasil.app */ = {isa = PBXFileReference; explicitFileType = wrapper.application; includeInIndex = 0; path = brasil.app; sourceTree = BUILT_PRODUCTS_DIR; };
		36FF10FC2B2DC2D800187EA2 /* AppDelegate.swift */ = {isa = PBXFileReference; lastKnownFileType = sourcecode.swift; path = AppDelegate.swift; sourceTree = "<group>"; };
		36FF10FE2B2DC2D800187EA2 /* SceneDelegate.swift */ = {isa = PBXFileReference; lastKnownFileType = sourcecode.swift; path = SceneDelegate.swift; sourceTree = "<group>"; };
		36FF11002B2DC2D800187EA2 /* HomeVC.swift */ = {isa = PBXFileReference; lastKnownFileType = sourcecode.swift; path = HomeVC.swift; sourceTree = "<group>"; };
		36FF11032B2DC2D800187EA2 /* Base */ = {isa = PBXFileReference; lastKnownFileType = file.storyboard; name = Base; path = Base.lproj/Main.storyboard; sourceTree = "<group>"; };
		36FF11052B2DC2D900187EA2 /* Assets.xcassets */ = {isa = PBXFileReference; lastKnownFileType = folder.assetcatalog; path = Assets.xcassets; sourceTree = "<group>"; };
		36FF11082B2DC2D900187EA2 /* Base */ = {isa = PBXFileReference; lastKnownFileType = file.storyboard; name = Base; path = Base.lproj/LaunchScreen.storyboard; sourceTree = "<group>"; };
		36FF110A2B2DC2D900187EA2 /* Info.plist */ = {isa = PBXFileReference; lastKnownFileType = text.plist.xml; path = Info.plist; sourceTree = "<group>"; };
		36FF11132B2DC47800187EA2 /* EmbassyAbroad.swift */ = {isa = PBXFileReference; lastKnownFileType = sourcecode.swift; path = EmbassyAbroad.swift; sourceTree = "<group>"; };
		36FF11152B2DC48500187EA2 /* CountryActivities.swift */ = {isa = PBXFileReference; lastKnownFileType = sourcecode.swift; path = CountryActivities.swift; sourceTree = "<group>"; };
		36FF11222B2DC79800187EA2 /* TabBarController.swift */ = {isa = PBXFileReference; lastKnownFileType = sourcecode.swift; path = TabBarController.swift; sourceTree = "<group>"; };
		36FF11262B2DC7F900187EA2 /* ActivitiesVC.swift */ = {isa = PBXFileReference; lastKnownFileType = sourcecode.swift; path = ActivitiesVC.swift; sourceTree = "<group>"; };
		36FF11282B2DC80600187EA2 /* EmbassyVC.swift */ = {isa = PBXFileReference; lastKnownFileType = sourcecode.swift; path = EmbassyVC.swift; sourceTree = "<group>"; };
		36FF112D2B2DC8B600187EA2 /* EmbassyVC.storyboard */ = {isa = PBXFileReference; lastKnownFileType = file.storyboard; path = EmbassyVC.storyboard; sourceTree = "<group>"; };
		36FF11302B2DC96900187EA2 /* LoginVC.swift */ = {isa = PBXFileReference; lastKnownFileType = sourcecode.swift; path = LoginVC.swift; sourceTree = "<group>"; };
		36FF11322B2DC99C00187EA2 /* HomeVC.storyboard */ = {isa = PBXFileReference; lastKnownFileType = file.storyboard; path = HomeVC.storyboard; sourceTree = "<group>"; };
		36FF11352B2DD14800187EA2 /* ActivitiesVC.storyboard */ = {isa = PBXFileReference; lastKnownFileType = file.storyboard; path = ActivitiesVC.storyboard; sourceTree = "<group>"; };
		36FF11382B2DE0CE00187EA2 /* EmbassyTableViewCell.swift */ = {isa = PBXFileReference; lastKnownFileType = sourcecode.swift; path = EmbassyTableViewCell.swift; sourceTree = "<group>"; };
		36FF11392B2DE0CE00187EA2 /* EmbassyTableViewCell.xib */ = {isa = PBXFileReference; lastKnownFileType = file.xib; path = EmbassyTableViewCell.xib; sourceTree = "<group>"; };
		36FF113D2B2DE26E00187EA2 /* EmbassyViewModel.swift */ = {isa = PBXFileReference; lastKnownFileType = sourcecode.swift; path = EmbassyViewModel.swift; sourceTree = "<group>"; };
		36FF11402B2F403400187EA2 /* EmbassyService.swift */ = {isa = PBXFileReference; lastKnownFileType = sourcecode.swift; path = EmbassyService.swift; sourceTree = "<group>"; };
		36FF11442B2F496500187EA2 /* ActivitiesService.swift */ = {isa = PBXFileReference; lastKnownFileType = sourcecode.swift; path = ActivitiesService.swift; sourceTree = "<group>"; };
		36FF11462B2F497000187EA2 /* ActivitiesViewModel.swift */ = {isa = PBXFileReference; lastKnownFileType = sourcecode.swift; path = ActivitiesViewModel.swift; sourceTree = "<group>"; };
		36FF11492B2F4A2B00187EA2 /* ActivitiesTableViewCell.swift */ = {isa = PBXFileReference; lastKnownFileType = sourcecode.swift; path = ActivitiesTableViewCell.swift; sourceTree = "<group>"; };
		36FF114A2B2F4A2B00187EA2 /* ActivitiesTableViewCell.xib */ = {isa = PBXFileReference; lastKnownFileType = file.xib; path = ActivitiesTableViewCell.xib; sourceTree = "<group>"; };
		A065685F2B346AF000C3AAE8 /* Field.swift */ = {isa = PBXFileReference; lastKnownFileType = sourcecode.swift; path = Field.swift; sourceTree = "<group>"; };
		A06568622B346D5D00C3AAE8 /* Extensions.swift */ = {isa = PBXFileReference; lastKnownFileType = sourcecode.swift; path = Extensions.swift; sourceTree = "<group>"; };
		A0C682D12B332EF200760359 /* LoginViewModel.swift */ = {isa = PBXFileReference; lastKnownFileType = sourcecode.swift; path = LoginViewModel.swift; sourceTree = "<group>"; };
		A0C682D32B33371900760359 /* GoogleService-Info.plist */ = {isa = PBXFileReference; fileEncoding = 4; lastKnownFileType = text.plist.xml; name = "GoogleService-Info.plist"; path = "../../../Downloads/GoogleService-Info.plist"; sourceTree = "<group>"; };
		A0C682E42B33624E00760359 /* Alert.swift */ = {isa = PBXFileReference; lastKnownFileType = sourcecode.swift; path = Alert.swift; sourceTree = "<group>"; };
		A0C682E72B33733600760359 /* ForgotPasswordViewModel.swift */ = {isa = PBXFileReference; lastKnownFileType = sourcecode.swift; path = ForgotPasswordViewModel.swift; sourceTree = "<group>"; };
		D63441342B30889300B98F50 /* ForgotPasswordVC.storyboard */ = {isa = PBXFileReference; lastKnownFileType = file.storyboard; path = ForgotPasswordVC.storyboard; sourceTree = "<group>"; };
		D63441382B30894100B98F50 /* ForgotPasswordVC.swift */ = {isa = PBXFileReference; lastKnownFileType = sourcecode.swift; path = ForgotPasswordVC.swift; sourceTree = "<group>"; };
		D6829BC52B2FF2FD005FDC15 /* RegisterVC.storyboard */ = {isa = PBXFileReference; lastKnownFileType = file.storyboard; path = RegisterVC.storyboard; sourceTree = "<group>"; };
		D6829BC92B2FF3D2005FDC15 /* RegisterVC.swift */ = {isa = PBXFileReference; lastKnownFileType = sourcecode.swift; path = RegisterVC.swift; sourceTree = "<group>"; };
/* End PBXFileReference section */

/* Begin PBXFrameworksBuildPhase section */
		36FF10F62B2DC2D800187EA2 /* Frameworks */ = {
			isa = PBXFrameworksBuildPhase;
			buildActionMask = 2147483647;
			files = (
				A0C682DC2B335AD100760359 /* FacebookAEM in Frameworks */,
				A06568682B3478BB00C3AAE8 /* IQKeyboardManagerSwift in Frameworks */,
				A0C682E02B335AD100760359 /* FacebookCore in Frameworks */,
				A0C682D92B33377200760359 /* GoogleSignInSwift in Frameworks */,
				A0C682DE2B335AD100760359 /* FacebookBasics in Frameworks */,
				A0C682A72B33296200760359 /* FirebaseAuth in Frameworks */,
				A0C682E22B335AD100760359 /* FacebookLogin in Frameworks */,
				A0C682D72B33377200760359 /* GoogleSignIn in Frameworks */,
			);
			runOnlyForDeploymentPostprocessing = 0;
		};
/* End PBXFrameworksBuildPhase section */

/* Begin PBXGroup section */
		36FF10F02B2DC2D800187EA2 = {
			isa = PBXGroup;
			children = (
				36FF10FB2B2DC2D800187EA2 /* brasil */,
				36FF10FA2B2DC2D800187EA2 /* Products */,
			);
			sourceTree = "<group>";
		};
		36FF10FA2B2DC2D800187EA2 /* Products */ = {
			isa = PBXGroup;
			children = (
				36FF10F92B2DC2D800187EA2 /* brasil.app */,
			);
			name = Products;
			sourceTree = "<group>";
		};
		36FF10FB2B2DC2D800187EA2 /* brasil */ = {
			isa = PBXGroup;
			children = (
				A06568612B346D4300C3AAE8 /* Extensions */,
				A065685E2B346ADE00C3AAE8 /* Field */,
				A0C682E32B33623900760359 /* Alert */,
				36FF11102B2DC32B00187EA2 /* Resources */,
				36FF11122B2DC39D00187EA2 /* Model */,
				36FF11212B2DC77500187EA2 /* Screens */,
				36FF110A2B2DC2D900187EA2 /* Info.plist */,
				A0C682D32B33371900760359 /* GoogleService-Info.plist */,
			);
			path = brasil;
			sourceTree = "<group>";
		};
		36FF11102B2DC32B00187EA2 /* Resources */ = {
			isa = PBXGroup;
			children = (
				36FF10FC2B2DC2D800187EA2 /* AppDelegate.swift */,
				36FF10FE2B2DC2D800187EA2 /* SceneDelegate.swift */,
				36FF11052B2DC2D900187EA2 /* Assets.xcassets */,
				36FF11072B2DC2D900187EA2 /* LaunchScreen.storyboard */,
			);
			path = Resources;
			sourceTree = "<group>";
		};
		36FF11112B2DC34600187EA2 /* HomeVC */ = {
			isa = PBXGroup;
			children = (
				36FF11002B2DC2D800187EA2 /* HomeVC.swift */,
				36FF11322B2DC99C00187EA2 /* HomeVC.storyboard */,
			);
			path = HomeVC;
			sourceTree = "<group>";
		};
		36FF11122B2DC39D00187EA2 /* Model */ = {
			isa = PBXGroup;
			children = (
				36FF11132B2DC47800187EA2 /* EmbassyAbroad.swift */,
				36FF11152B2DC48500187EA2 /* CountryActivities.swift */,
			);
			path = Model;
			sourceTree = "<group>";
		};
		36FF11212B2DC77500187EA2 /* Screens */ = {
			isa = PBXGroup;
			children = (
				36FF11222B2DC79800187EA2 /* TabBarController.swift */,
				D63441332B30886F00B98F50 /* ForgotPasswordVC */,
				36FF112F2B2DC95000187EA2 /* LoginVC */,
				D6829BC42B2FF2A4005FDC15 /* RegisterVC */,
				36FF11112B2DC34600187EA2 /* HomeVC */,
				36FF11252B2DC7CE00187EA2 /* ActivitiesVC */,
				36FF11242B2DC7C500187EA2 /* EmbassyVC */,
			);
			path = Screens;
			sourceTree = "<group>";
		};
		36FF11242B2DC7C500187EA2 /* EmbassyVC */ = {
			isa = PBXGroup;
			children = (
				36FF11282B2DC80600187EA2 /* EmbassyVC.swift */,
				36FF112D2B2DC8B600187EA2 /* EmbassyVC.storyboard */,
				36FF113F2B2F401400187EA2 /* Service */,
				36FF113C2B2DE24900187EA2 /* ViewModel */,
				36FF11372B2DDE1100187EA2 /* Cell */,
			);
			path = EmbassyVC;
			sourceTree = "<group>";
		};
		36FF11252B2DC7CE00187EA2 /* ActivitiesVC */ = {
			isa = PBXGroup;
			children = (
				36FF11262B2DC7F900187EA2 /* ActivitiesVC.swift */,
				36FF11352B2DD14800187EA2 /* ActivitiesVC.storyboard */,
				36FF11432B2F435D00187EA2 /* ViewModel */,
				36FF11422B2F435600187EA2 /* Service */,
				36FF11482B2F4A1A00187EA2 /* Cell */,
			);
			path = ActivitiesVC;
			sourceTree = "<group>";
		};
		36FF112F2B2DC95000187EA2 /* LoginVC */ = {
			isa = PBXGroup;
			children = (
				36FF11022B2DC2D800187EA2 /* Main.storyboard */,
				36FF11302B2DC96900187EA2 /* LoginVC.swift */,
				A0C682D02B332EC200760359 /* ViewModel */,
			);
			path = LoginVC;
			sourceTree = "<group>";
		};
		36FF11372B2DDE1100187EA2 /* Cell */ = {
			isa = PBXGroup;
			children = (
				36FF11382B2DE0CE00187EA2 /* EmbassyTableViewCell.swift */,
				36FF11392B2DE0CE00187EA2 /* EmbassyTableViewCell.xib */,
			);
			path = Cell;
			sourceTree = "<group>";
		};
		36FF113C2B2DE24900187EA2 /* ViewModel */ = {
			isa = PBXGroup;
			children = (
				36FF113D2B2DE26E00187EA2 /* EmbassyViewModel.swift */,
			);
			path = ViewModel;
			sourceTree = "<group>";
		};
		36FF113F2B2F401400187EA2 /* Service */ = {
			isa = PBXGroup;
			children = (
				36FF11402B2F403400187EA2 /* EmbassyService.swift */,
			);
			path = Service;
			sourceTree = "<group>";
		};
		36FF11422B2F435600187EA2 /* Service */ = {
			isa = PBXGroup;
			children = (
				36FF11442B2F496500187EA2 /* ActivitiesService.swift */,
			);
			path = Service;
			sourceTree = "<group>";
		};
		36FF11432B2F435D00187EA2 /* ViewModel */ = {
			isa = PBXGroup;
			children = (
				36FF11462B2F497000187EA2 /* ActivitiesViewModel.swift */,
			);
			path = ViewModel;
			sourceTree = "<group>";
		};
		36FF11482B2F4A1A00187EA2 /* Cell */ = {
			isa = PBXGroup;
			children = (
				36FF11492B2F4A2B00187EA2 /* ActivitiesTableViewCell.swift */,
				36FF114A2B2F4A2B00187EA2 /* ActivitiesTableViewCell.xib */,
			);
			path = Cell;
			sourceTree = "<group>";
		};
		A065685B2B34623A00C3AAE8 /* ViewModel */ = {
			isa = PBXGroup;
			children = (
			);
			path = ViewModel;
			sourceTree = "<group>";
		};
		A065685E2B346ADE00C3AAE8 /* Field */ = {
			isa = PBXGroup;
			children = (
				A065685F2B346AF000C3AAE8 /* Field.swift */,
			);
			path = Field;
			sourceTree = "<group>";
		};
		A06568612B346D4300C3AAE8 /* Extensions */ = {
			isa = PBXGroup;
			children = (
				A06568622B346D5D00C3AAE8 /* Extensions.swift */,
			);
			path = Extensions;
			sourceTree = "<group>";
		};
		A0C682D02B332EC200760359 /* ViewModel */ = {
			isa = PBXGroup;
			children = (
				A0C682D12B332EF200760359 /* LoginViewModel.swift */,
			);
			path = ViewModel;
			sourceTree = "<group>";
		};
		A0C682E32B33623900760359 /* Alert */ = {
			isa = PBXGroup;
			children = (
				A0C682E42B33624E00760359 /* Alert.swift */,
			);
			path = Alert;
			sourceTree = "<group>";
		};
		A0C682E62B33730800760359 /* ForgotPasswordViewModel */ = {
			isa = PBXGroup;
			children = (
				A0C682E72B33733600760359 /* ForgotPasswordViewModel.swift */,
			);
			path = ForgotPasswordViewModel;
			sourceTree = "<group>";
		};
		D63441332B30886F00B98F50 /* ForgotPasswordVC */ = {
			isa = PBXGroup;
			children = (
				A0C682E62B33730800760359 /* ForgotPasswordViewModel */,
				D63441342B30889300B98F50 /* ForgotPasswordVC.storyboard */,
				D63441382B30894100B98F50 /* ForgotPasswordVC.swift */,
			);
			path = ForgotPasswordVC;
			sourceTree = "<group>";
		};
		D6829BC42B2FF2A4005FDC15 /* RegisterVC */ = {
			isa = PBXGroup;
			children = (
				A065685B2B34623A00C3AAE8 /* ViewModel */,
				D6829BC52B2FF2FD005FDC15 /* RegisterVC.storyboard */,
				D6829BC92B2FF3D2005FDC15 /* RegisterVC.swift */,
			);
			path = RegisterVC;
			sourceTree = "<group>";
		};
/* End PBXGroup section */

/* Begin PBXNativeTarget section */
		36FF10F82B2DC2D800187EA2 /* brasil */ = {
			isa = PBXNativeTarget;
			buildConfigurationList = 36FF110D2B2DC2D900187EA2 /* Build configuration list for PBXNativeTarget "brasil" */;
			buildPhases = (
				36FF10F52B2DC2D800187EA2 /* Sources */,
				36FF10F62B2DC2D800187EA2 /* Frameworks */,
				36FF10F72B2DC2D800187EA2 /* Resources */,
			);
			buildRules = (
			);
			dependencies = (
			);
			name = brasil;
			packageProductDependencies = (
				A0C682A62B33296200760359 /* FirebaseAuth */,
				A0C682D62B33377200760359 /* GoogleSignIn */,
				A0C682D82B33377200760359 /* GoogleSignInSwift */,
				A0C682DB2B335AD100760359 /* FacebookAEM */,
				A0C682DD2B335AD100760359 /* FacebookBasics */,
				A0C682DF2B335AD100760359 /* FacebookCore */,
				A0C682E12B335AD100760359 /* FacebookLogin */,
				A06568672B3478BB00C3AAE8 /* IQKeyboardManagerSwift */,
			);
			productName = brasil;
			productReference = 36FF10F92B2DC2D800187EA2 /* brasil.app */;
			productType = "com.apple.product-type.application";
		};
/* End PBXNativeTarget section */

/* Begin PBXProject section */
		36FF10F12B2DC2D800187EA2 /* Project object */ = {
			isa = PBXProject;
			attributes = {
				BuildIndependentTargetsInParallel = 1;
				LastSwiftUpdateCheck = 1500;
				LastUpgradeCheck = 1500;
				TargetAttributes = {
					36FF10F82B2DC2D800187EA2 = {
						CreatedOnToolsVersion = 15.0;
					};
				};
			};
			buildConfigurationList = 36FF10F42B2DC2D800187EA2 /* Build configuration list for PBXProject "brasil" */;
			compatibilityVersion = "Xcode 14.0";
			developmentRegion = en;
			hasScannedForEncodings = 0;
			knownRegions = (
				en,
				Base,
			);
			mainGroup = 36FF10F02B2DC2D800187EA2;
			packageReferences = (
				A0C682992B33296200760359 /* XCRemoteSwiftPackageReference "firebase-ios-sdk" */,
				A0C682D52B33377200760359 /* XCRemoteSwiftPackageReference "GoogleSignIn-iOS" */,
				A0C682DA2B335AD100760359 /* XCRemoteSwiftPackageReference "facebook-ios-sdk" */,
				A06568662B3478BB00C3AAE8 /* XCRemoteSwiftPackageReference "IQKeyboardManager" */,
			);
			productRefGroup = 36FF10FA2B2DC2D800187EA2 /* Products */;
			projectDirPath = "";
			projectRoot = "";
			targets = (
				36FF10F82B2DC2D800187EA2 /* brasil */,
			);
		};
/* End PBXProject section */

/* Begin PBXResourcesBuildPhase section */
		36FF10F72B2DC2D800187EA2 /* Resources */ = {
			isa = PBXResourcesBuildPhase;
			buildActionMask = 2147483647;
			files = (
				36FF11092B2DC2D900187EA2 /* LaunchScreen.storyboard in Resources */,
				36FF11062B2DC2D900187EA2 /* Assets.xcassets in Resources */,
				A0C682D42B33371900760359 /* GoogleService-Info.plist in Resources */,
				36FF11042B2DC2D800187EA2 /* Main.storyboard in Resources */,
				D6829BC62B2FF2FD005FDC15 /* RegisterVC.storyboard in Resources */,
				36FF11332B2DC99C00187EA2 /* HomeVC.storyboard in Resources */,
				36FF114C2B2F4A2B00187EA2 /* ActivitiesTableViewCell.xib in Resources */,
				36FF113B2B2DE0CE00187EA2 /* EmbassyTableViewCell.xib in Resources */,
				D63441352B30889300B98F50 /* ForgotPasswordVC.storyboard in Resources */,
				36FF11362B2DD14800187EA2 /* ActivitiesVC.storyboard in Resources */,
				36FF112E2B2DC8B600187EA2 /* EmbassyVC.storyboard in Resources */,
			);
			runOnlyForDeploymentPostprocessing = 0;
		};
/* End PBXResourcesBuildPhase section */

/* Begin PBXSourcesBuildPhase section */
		36FF10F52B2DC2D800187EA2 /* Sources */ = {
			isa = PBXSourcesBuildPhase;
			buildActionMask = 2147483647;
			files = (
				A06568632B346D5D00C3AAE8 /* Extensions.swift in Sources */,
				36FF11012B2DC2D800187EA2 /* HomeVC.swift in Sources */,
				36FF11472B2F497000187EA2 /* ActivitiesViewModel.swift in Sources */,
				36FF11312B2DC96900187EA2 /* LoginVC.swift in Sources */,
				36FF11292B2DC80600187EA2 /* EmbassyVC.swift in Sources */,
				36FF11232B2DC79800187EA2 /* TabBarController.swift in Sources */,
				A0C682E52B33624E00760359 /* Alert.swift in Sources */,
				36FF10FD2B2DC2D800187EA2 /* AppDelegate.swift in Sources */,
				D63441392B30894100B98F50 /* ForgotPasswordVC.swift in Sources */,
				36FF11412B2F403400187EA2 /* EmbassyService.swift in Sources */,
				36FF11452B2F496500187EA2 /* ActivitiesService.swift in Sources */,
				A06568602B346AF000C3AAE8 /* Field.swift in Sources */,
				36FF11162B2DC48500187EA2 /* CountryActivities.swift in Sources */,
				D6829BCA2B2FF3D2005FDC15 /* RegisterVC.swift in Sources */,
				36FF10FF2B2DC2D800187EA2 /* SceneDelegate.swift in Sources */,
				36FF11272B2DC7F900187EA2 /* ActivitiesVC.swift in Sources */,
				36FF113A2B2DE0CE00187EA2 /* EmbassyTableViewCell.swift in Sources */,
				36FF11142B2DC47800187EA2 /* EmbassyAbroad.swift in Sources */,
				A0C682E82B33733600760359 /* ForgotPasswordViewModel.swift in Sources */,
				36FF114B2B2F4A2B00187EA2 /* ActivitiesTableViewCell.swift in Sources */,
				A0C682D22B332EF200760359 /* LoginViewModel.swift in Sources */,
				36FF113E2B2DE26E00187EA2 /* EmbassyViewModel.swift in Sources */,
			);
			runOnlyForDeploymentPostprocessing = 0;
		};
/* End PBXSourcesBuildPhase section */

/* Begin PBXVariantGroup section */
		36FF11022B2DC2D800187EA2 /* Main.storyboard */ = {
			isa = PBXVariantGroup;
			children = (
				36FF11032B2DC2D800187EA2 /* Base */,
			);
			name = Main.storyboard;
			sourceTree = "<group>";
		};
		36FF11072B2DC2D900187EA2 /* LaunchScreen.storyboard */ = {
			isa = PBXVariantGroup;
			children = (
				36FF11082B2DC2D900187EA2 /* Base */,
			);
			name = LaunchScreen.storyboard;
			sourceTree = "<group>";
		};
/* End PBXVariantGroup section */

/* Begin XCBuildConfiguration section */
		36FF110B2B2DC2D900187EA2 /* Debug */ = {
			isa = XCBuildConfiguration;
			buildSettings = {
				ALWAYS_SEARCH_USER_PATHS = NO;
				ASSETCATALOG_COMPILER_GENERATE_SWIFT_ASSET_SYMBOL_EXTENSIONS = YES;
				CLANG_ANALYZER_NONNULL = YES;
				CLANG_ANALYZER_NUMBER_OBJECT_CONVERSION = YES_AGGRESSIVE;
				CLANG_CXX_LANGUAGE_STANDARD = "gnu++20";
				CLANG_ENABLE_MODULES = YES;
				CLANG_ENABLE_OBJC_ARC = YES;
				CLANG_ENABLE_OBJC_WEAK = YES;
				CLANG_WARN_BLOCK_CAPTURE_AUTORELEASING = YES;
				CLANG_WARN_BOOL_CONVERSION = YES;
				CLANG_WARN_COMMA = YES;
				CLANG_WARN_CONSTANT_CONVERSION = YES;
				CLANG_WARN_DEPRECATED_OBJC_IMPLEMENTATIONS = YES;
				CLANG_WARN_DIRECT_OBJC_ISA_USAGE = YES_ERROR;
				CLANG_WARN_DOCUMENTATION_COMMENTS = YES;
				CLANG_WARN_EMPTY_BODY = YES;
				CLANG_WARN_ENUM_CONVERSION = YES;
				CLANG_WARN_INFINITE_RECURSION = YES;
				CLANG_WARN_INT_CONVERSION = YES;
				CLANG_WARN_NON_LITERAL_NULL_CONVERSION = YES;
				CLANG_WARN_OBJC_IMPLICIT_RETAIN_SELF = YES;
				CLANG_WARN_OBJC_LITERAL_CONVERSION = YES;
				CLANG_WARN_OBJC_ROOT_CLASS = YES_ERROR;
				CLANG_WARN_QUOTED_INCLUDE_IN_FRAMEWORK_HEADER = YES;
				CLANG_WARN_RANGE_LOOP_ANALYSIS = YES;
				CLANG_WARN_STRICT_PROTOTYPES = YES;
				CLANG_WARN_SUSPICIOUS_MOVE = YES;
				CLANG_WARN_UNGUARDED_AVAILABILITY = YES_AGGRESSIVE;
				CLANG_WARN_UNREACHABLE_CODE = YES;
				CLANG_WARN__DUPLICATE_METHOD_MATCH = YES;
				COPY_PHASE_STRIP = NO;
				DEBUG_INFORMATION_FORMAT = dwarf;
				ENABLE_STRICT_OBJC_MSGSEND = YES;
				ENABLE_TESTABILITY = YES;
				ENABLE_USER_SCRIPT_SANDBOXING = YES;
				GCC_C_LANGUAGE_STANDARD = gnu17;
				GCC_DYNAMIC_NO_PIC = NO;
				GCC_NO_COMMON_BLOCKS = YES;
				GCC_OPTIMIZATION_LEVEL = 0;
				GCC_PREPROCESSOR_DEFINITIONS = (
					"DEBUG=1",
					"$(inherited)",
				);
				GCC_WARN_64_TO_32_BIT_CONVERSION = YES;
				GCC_WARN_ABOUT_RETURN_TYPE = YES_ERROR;
				GCC_WARN_UNDECLARED_SELECTOR = YES;
				GCC_WARN_UNINITIALIZED_AUTOS = YES_AGGRESSIVE;
				GCC_WARN_UNUSED_FUNCTION = YES;
				GCC_WARN_UNUSED_VARIABLE = YES;
				IPHONEOS_DEPLOYMENT_TARGET = 17.0;
				LOCALIZATION_PREFERS_STRING_CATALOGS = YES;
				MTL_ENABLE_DEBUG_INFO = INCLUDE_SOURCE;
				MTL_FAST_MATH = YES;
				ONLY_ACTIVE_ARCH = YES;
				SDKROOT = iphoneos;
				SWIFT_ACTIVE_COMPILATION_CONDITIONS = "DEBUG $(inherited)";
				SWIFT_OPTIMIZATION_LEVEL = "-Onone";
			};
			name = Debug;
		};
		36FF110C2B2DC2D900187EA2 /* Release */ = {
			isa = XCBuildConfiguration;
			buildSettings = {
				ALWAYS_SEARCH_USER_PATHS = NO;
				ASSETCATALOG_COMPILER_GENERATE_SWIFT_ASSET_SYMBOL_EXTENSIONS = YES;
				CLANG_ANALYZER_NONNULL = YES;
				CLANG_ANALYZER_NUMBER_OBJECT_CONVERSION = YES_AGGRESSIVE;
				CLANG_CXX_LANGUAGE_STANDARD = "gnu++20";
				CLANG_ENABLE_MODULES = YES;
				CLANG_ENABLE_OBJC_ARC = YES;
				CLANG_ENABLE_OBJC_WEAK = YES;
				CLANG_WARN_BLOCK_CAPTURE_AUTORELEASING = YES;
				CLANG_WARN_BOOL_CONVERSION = YES;
				CLANG_WARN_COMMA = YES;
				CLANG_WARN_CONSTANT_CONVERSION = YES;
				CLANG_WARN_DEPRECATED_OBJC_IMPLEMENTATIONS = YES;
				CLANG_WARN_DIRECT_OBJC_ISA_USAGE = YES_ERROR;
				CLANG_WARN_DOCUMENTATION_COMMENTS = YES;
				CLANG_WARN_EMPTY_BODY = YES;
				CLANG_WARN_ENUM_CONVERSION = YES;
				CLANG_WARN_INFINITE_RECURSION = YES;
				CLANG_WARN_INT_CONVERSION = YES;
				CLANG_WARN_NON_LITERAL_NULL_CONVERSION = YES;
				CLANG_WARN_OBJC_IMPLICIT_RETAIN_SELF = YES;
				CLANG_WARN_OBJC_LITERAL_CONVERSION = YES;
				CLANG_WARN_OBJC_ROOT_CLASS = YES_ERROR;
				CLANG_WARN_QUOTED_INCLUDE_IN_FRAMEWORK_HEADER = YES;
				CLANG_WARN_RANGE_LOOP_ANALYSIS = YES;
				CLANG_WARN_STRICT_PROTOTYPES = YES;
				CLANG_WARN_SUSPICIOUS_MOVE = YES;
				CLANG_WARN_UNGUARDED_AVAILABILITY = YES_AGGRESSIVE;
				CLANG_WARN_UNREACHABLE_CODE = YES;
				CLANG_WARN__DUPLICATE_METHOD_MATCH = YES;
				COPY_PHASE_STRIP = NO;
				DEBUG_INFORMATION_FORMAT = "dwarf-with-dsym";
				ENABLE_NS_ASSERTIONS = NO;
				ENABLE_STRICT_OBJC_MSGSEND = YES;
				ENABLE_USER_SCRIPT_SANDBOXING = YES;
				GCC_C_LANGUAGE_STANDARD = gnu17;
				GCC_NO_COMMON_BLOCKS = YES;
				GCC_WARN_64_TO_32_BIT_CONVERSION = YES;
				GCC_WARN_ABOUT_RETURN_TYPE = YES_ERROR;
				GCC_WARN_UNDECLARED_SELECTOR = YES;
				GCC_WARN_UNINITIALIZED_AUTOS = YES_AGGRESSIVE;
				GCC_WARN_UNUSED_FUNCTION = YES;
				GCC_WARN_UNUSED_VARIABLE = YES;
				IPHONEOS_DEPLOYMENT_TARGET = 17.0;
				LOCALIZATION_PREFERS_STRING_CATALOGS = YES;
				MTL_ENABLE_DEBUG_INFO = NO;
				MTL_FAST_MATH = YES;
				SDKROOT = iphoneos;
				SWIFT_COMPILATION_MODE = wholemodule;
				VALIDATE_PRODUCT = YES;
			};
			name = Release;
		};
		36FF110E2B2DC2D900187EA2 /* Debug */ = {
			isa = XCBuildConfiguration;
			buildSettings = {
				ASSETCATALOG_COMPILER_APPICON_NAME = AppIcon;
				ASSETCATALOG_COMPILER_GLOBAL_ACCENT_COLOR_NAME = AccentColor;
				CODE_SIGN_STYLE = Automatic;
				CURRENT_PROJECT_VERSION = 1;
				DEVELOPMENT_TEAM = NMYZ767V32;
				GENERATE_INFOPLIST_FILE = YES;
				INFOPLIST_FILE = brasil/Info.plist;
				INFOPLIST_KEY_UIApplicationSupportsIndirectInputEvents = YES;
				INFOPLIST_KEY_UILaunchStoryboardName = LaunchScreen;
				INFOPLIST_KEY_UIMainStoryboardFile = Main;
				INFOPLIST_KEY_UISupportedInterfaceOrientations_iPad = "UIInterfaceOrientationPortrait UIInterfaceOrientationPortraitUpsideDown UIInterfaceOrientationLandscapeLeft UIInterfaceOrientationLandscapeRight";
				INFOPLIST_KEY_UISupportedInterfaceOrientations_iPhone = "UIInterfaceOrientationPortrait UIInterfaceOrientationLandscapeLeft UIInterfaceOrientationLandscapeRight";
				LD_RUNPATH_SEARCH_PATHS = (
					"$(inherited)",
					"@executable_path/Frameworks",
				);
				MARKETING_VERSION = 1.0;
				PRODUCT_BUNDLE_IDENTIFIER = none.brasil;
				PRODUCT_NAME = "$(TARGET_NAME)";
				SWIFT_EMIT_LOC_STRINGS = YES;
				SWIFT_VERSION = 5.0;
				TARGETED_DEVICE_FAMILY = "1,2";
			};
			name = Debug;
		};
		36FF110F2B2DC2D900187EA2 /* Release */ = {
			isa = XCBuildConfiguration;
			buildSettings = {
				ASSETCATALOG_COMPILER_APPICON_NAME = AppIcon;
				ASSETCATALOG_COMPILER_GLOBAL_ACCENT_COLOR_NAME = AccentColor;
				CODE_SIGN_STYLE = Automatic;
				CURRENT_PROJECT_VERSION = 1;
				DEVELOPMENT_TEAM = NMYZ767V32;
				GENERATE_INFOPLIST_FILE = YES;
				INFOPLIST_FILE = brasil/Info.plist;
				INFOPLIST_KEY_UIApplicationSupportsIndirectInputEvents = YES;
				INFOPLIST_KEY_UILaunchStoryboardName = LaunchScreen;
				INFOPLIST_KEY_UIMainStoryboardFile = Main;
				INFOPLIST_KEY_UISupportedInterfaceOrientations_iPad = "UIInterfaceOrientationPortrait UIInterfaceOrientationPortraitUpsideDown UIInterfaceOrientationLandscapeLeft UIInterfaceOrientationLandscapeRight";
				INFOPLIST_KEY_UISupportedInterfaceOrientations_iPhone = "UIInterfaceOrientationPortrait UIInterfaceOrientationLandscapeLeft UIInterfaceOrientationLandscapeRight";
				LD_RUNPATH_SEARCH_PATHS = (
					"$(inherited)",
					"@executable_path/Frameworks",
				);
				MARKETING_VERSION = 1.0;
				PRODUCT_BUNDLE_IDENTIFIER = none.brasil;
				PRODUCT_NAME = "$(TARGET_NAME)";
				SWIFT_EMIT_LOC_STRINGS = YES;
				SWIFT_VERSION = 5.0;
				TARGETED_DEVICE_FAMILY = "1,2";
			};
			name = Release;
		};
/* End XCBuildConfiguration section */

/* Begin XCConfigurationList section */
		36FF10F42B2DC2D800187EA2 /* Build configuration list for PBXProject "brasil" */ = {
			isa = XCConfigurationList;
			buildConfigurations = (
				36FF110B2B2DC2D900187EA2 /* Debug */,
				36FF110C2B2DC2D900187EA2 /* Release */,
			);
			defaultConfigurationIsVisible = 0;
			defaultConfigurationName = Release;
		};
		36FF110D2B2DC2D900187EA2 /* Build configuration list for PBXNativeTarget "brasil" */ = {
			isa = XCConfigurationList;
			buildConfigurations = (
				36FF110E2B2DC2D900187EA2 /* Debug */,
				36FF110F2B2DC2D900187EA2 /* Release */,
			);
			defaultConfigurationIsVisible = 0;
			defaultConfigurationName = Release;
		};
/* End XCConfigurationList section */

/* Begin XCRemoteSwiftPackageReference section */
		A06568662B3478BB00C3AAE8 /* XCRemoteSwiftPackageReference "IQKeyboardManager" */ = {
			isa = XCRemoteSwiftPackageReference;
			repositoryURL = "https://github.com/hackiftekhar/IQKeyboardManager.git";
			requirement = {
				kind = upToNextMajorVersion;
				minimumVersion = 6.5.16;
			};
		};
		A0C682992B33296200760359 /* XCRemoteSwiftPackageReference "firebase-ios-sdk" */ = {
			isa = XCRemoteSwiftPackageReference;
			repositoryURL = "https://github.com/firebase/firebase-ios-sdk";
			requirement = {
				kind = upToNextMajorVersion;
				minimumVersion = 10.19.1;
			};
		};
		A0C682D52B33377200760359 /* XCRemoteSwiftPackageReference "GoogleSignIn-iOS" */ = {
			isa = XCRemoteSwiftPackageReference;
			repositoryURL = "https://github.com/google/GoogleSignIn-iOS";
			requirement = {
				kind = upToNextMajorVersion;
				minimumVersion = 7.0.0;
			};
		};
		A0C682DA2B335AD100760359 /* XCRemoteSwiftPackageReference "facebook-ios-sdk" */ = {
			isa = XCRemoteSwiftPackageReference;
			repositoryURL = "https://github.com/facebook/facebook-ios-sdk";
			requirement = {
				kind = upToNextMajorVersion;
				minimumVersion = 14.1.0;
			};
		};
/* End XCRemoteSwiftPackageReference section */

/* Begin XCSwiftPackageProductDependency section */
		A06568672B3478BB00C3AAE8 /* IQKeyboardManagerSwift */ = {
			isa = XCSwiftPackageProductDependency;
			package = A06568662B3478BB00C3AAE8 /* XCRemoteSwiftPackageReference "IQKeyboardManager" */;
			productName = IQKeyboardManagerSwift;
		};
		A0C682A62B33296200760359 /* FirebaseAuth */ = {
			isa = XCSwiftPackageProductDependency;
			package = A0C682992B33296200760359 /* XCRemoteSwiftPackageReference "firebase-ios-sdk" */;
			productName = FirebaseAuth;
		};
		A0C682D62B33377200760359 /* GoogleSignIn */ = {
			isa = XCSwiftPackageProductDependency;
			package = A0C682D52B33377200760359 /* XCRemoteSwiftPackageReference "GoogleSignIn-iOS" */;
			productName = GoogleSignIn;
		};
		A0C682D82B33377200760359 /* GoogleSignInSwift */ = {
			isa = XCSwiftPackageProductDependency;
			package = A0C682D52B33377200760359 /* XCRemoteSwiftPackageReference "GoogleSignIn-iOS" */;
			productName = GoogleSignInSwift;
		};
		A0C682DB2B335AD100760359 /* FacebookAEM */ = {
			isa = XCSwiftPackageProductDependency;
			package = A0C682DA2B335AD100760359 /* XCRemoteSwiftPackageReference "facebook-ios-sdk" */;
			productName = FacebookAEM;
		};
		A0C682DD2B335AD100760359 /* FacebookBasics */ = {
			isa = XCSwiftPackageProductDependency;
			package = A0C682DA2B335AD100760359 /* XCRemoteSwiftPackageReference "facebook-ios-sdk" */;
			productName = FacebookBasics;
		};
		A0C682DF2B335AD100760359 /* FacebookCore */ = {
			isa = XCSwiftPackageProductDependency;
			package = A0C682DA2B335AD100760359 /* XCRemoteSwiftPackageReference "facebook-ios-sdk" */;
			productName = FacebookCore;
		};
		A0C682E12B335AD100760359 /* FacebookLogin */ = {
			isa = XCSwiftPackageProductDependency;
			package = A0C682DA2B335AD100760359 /* XCRemoteSwiftPackageReference "facebook-ios-sdk" */;
			productName = FacebookLogin;
		};
/* End XCSwiftPackageProductDependency section */
	};
	rootObject = 36FF10F12B2DC2D800187EA2 /* Project object */;
}
